
Microsoft Visual Studio Solution File, Format Version 12.00
# Visual Studio Version 17
VisualStudioVersion = 17.0.31912.275
MinimumVisualStudioVersion = 10.0.40219.1
Project("{8BC9CEB8-8B4A-11D0-8D11-00A0C91BC942}") = "Cpp1_3", "Cpp1_3\Cpp1_3.vcxproj", "{80564F45-981E-4458-9617-5CFA41D71755}"
EndProject
Project("{8BC9CEB8-8B4A-11D0-8D11-00A0C91BC942}") = "Cpp1_4", "Cpp1_4\Cpp1_4.vcxproj", "{1E7303EC-54F5-4E3A-9263-F7F169650DEC}"
EndProject
Project("{8BC9CEB8-8B4A-11D0-8D11-00A0C91BC942}") = "Cpp1_5", "Cpp1_5\Cpp1_5.vcxproj", "{BC19932A-C2A1-4158-9950-D690CB3EAD68}"
EndProject
Project("{8BC9CEB8-8B4A-11D0-8D11-00A0C91BC942}") = "Cpp1_6", "Cpp1_6\Cpp1_6.vcxproj", "{E67225F3-9B2A-4F56-BC62-006268B16103}"
EndProject
Project("{8BC9CEB8-8B4A-11D0-8D11-00A0C91BC942}") = "Scanf", "Scanf\Scanf.vcxproj", "{AF136339-FDA4-484E-AC14-89A617072082}"
EndProject
Project("{8BC9CEB8-8B4A-11D0-8D11-00A0C91BC942}") = "Cout", "Cout\Cout.vcxproj", "{E5A2AB63-9BF0-4D57-AA45-A561F2FAC8F1}"
EndProject
Project("{8BC9CEB8-8B4A-11D0-8D11-00A0C91BC942}") = "Cin", "Cin\Cin.vcxproj", "{B0893655-8E1E-4FD3-BC96-5D2ACEA03F03}"
EndProject
Project("{8BC9CEB8-8B4A-11D0-8D11-00A0C91BC942}") = "arithmeticoperator", "arithmeticoperator\arithmeticoperator.vcxproj", "{7B1F63BC-6F95-4113-A33E-37CF237AD3E9}"
EndProject
Project("{8BC9CEB8-8B4A-11D0-8D11-00A0C91BC942}") = "comparison_operator", "comparison_operator\comparison_operator.vcxproj", "{D8D06FC5-7AEB-4DB1-B61A-864139F67253}"
EndProject
Project("{8BC9CEB8-8B4A-11D0-8D11-00A0C91BC942}") = "logical_operator", "logical_operator\logical_operator.vcxproj", "{B5F20F1A-AE50-4CF5-B2F8-8F50F99973D7}"
EndProject
Global
	GlobalSection(SolutionConfigurationPlatforms) = preSolution
		Debug|x64 = Debug|x64
		Debug|x86 = Debug|x86
		Release|x64 = Release|x64
		Release|x86 = Release|x86
	EndGlobalSection
	GlobalSection(ProjectConfigurationPlatforms) = postSolution
		{80564F45-981E-4458-9617-5CFA41D71755}.Debug|x64.ActiveCfg = Debug|x64
		{80564F45-981E-4458-9617-5CFA41D71755}.Debug|x64.Build.0 = Debug|x64
		{80564F45-981E-4458-9617-5CFA41D71755}.Debug|x86.ActiveCfg = Debug|Win32
		{80564F45-981E-4458-9617-5CFA41D71755}.Debug|x86.Build.0 = Debug|Win32
		{80564F45-981E-4458-9617-5CFA41D71755}.Release|x64.ActiveCfg = Release|x64
		{80564F45-981E-4458-9617-5CFA41D71755}.Release|x64.Build.0 = Release|x64
		{80564F45-981E-4458-9617-5CFA41D71755}.Release|x86.ActiveCfg = Release|Win32
		{80564F45-981E-4458-9617-5CFA41D71755}.Release|x86.Build.0 = Release|Win32
		{1E7303EC-54F5-4E3A-9263-F7F169650DEC}.Debug|x64.ActiveCfg = Debug|x64
		{1E7303EC-54F5-4E3A-9263-F7F169650DEC}.Debug|x64.Build.0 = Debug|x64
		{1E7303EC-54F5-4E3A-9263-F7F169650DEC}.Debug|x86.ActiveCfg = Debug|Win32
		{1E7303EC-54F5-4E3A-9263-F7F169650DEC}.Debug|x86.Build.0 = Debug|Win32
		{1E7303EC-54F5-4E3A-9263-F7F169650DEC}.Release|x64.ActiveCfg = Release|x64
		{1E7303EC-54F5-4E3A-9263-F7F169650DEC}.Release|x64.Build.0 = Release|x64
		{1E7303EC-54F5-4E3A-9263-F7F169650DEC}.Release|x86.ActiveCfg = Release|Win32
		{1E7303EC-54F5-4E3A-9263-F7F169650DEC}.Release|x86.Build.0 = Release|Win32
		{BC19932A-C2A1-4158-9950-D690CB3EAD68}.Debug|x64.ActiveCfg = Debug|x64
		{BC19932A-C2A1-4158-9950-D690CB3EAD68}.Debug|x64.Build.0 = Debug|x64
		{BC19932A-C2A1-4158-9950-D690CB3EAD68}.Debug|x86.ActiveCfg = Debug|Win32
		{BC19932A-C2A1-4158-9950-D690CB3EAD68}.Debug|x86.Build.0 = Debug|Win32
		{BC19932A-C2A1-4158-9950-D690CB3EAD68}.Release|x64.ActiveCfg = Release|x64
		{BC19932A-C2A1-4158-9950-D690CB3EAD68}.Release|x64.Build.0 = Release|x64
		{BC19932A-C2A1-4158-9950-D690CB3EAD68}.Release|x86.ActiveCfg = Release|Win32
		{BC19932A-C2A1-4158-9950-D690CB3EAD68}.Release|x86.Build.0 = Release|Win32
		{E67225F3-9B2A-4F56-BC62-006268B16103}.Debug|x64.ActiveCfg = Debug|x64
		{E67225F3-9B2A-4F56-BC62-006268B16103}.Debug|x64.Build.0 = Debug|x64
		{E67225F3-9B2A-4F56-BC62-006268B16103}.Debug|x86.ActiveCfg = Debug|Win32
		{E67225F3-9B2A-4F56-BC62-006268B16103}.Debug|x86.Build.0 = Debug|Win32
		{E67225F3-9B2A-4F56-BC62-006268B16103}.Release|x64.ActiveCfg = Release|x64
		{E67225F3-9B2A-4F56-BC62-006268B16103}.Release|x64.Build.0 = Release|x64
		{E67225F3-9B2A-4F56-BC62-006268B16103}.Release|x86.ActiveCfg = Release|Win32
		{E67225F3-9B2A-4F56-BC62-006268B16103}.Release|x86.Build.0 = Release|Win32
		{AF136339-FDA4-484E-AC14-89A617072082}.Debug|x64.ActiveCfg = Debug|x64
		{AF136339-FDA4-484E-AC14-89A617072082}.Debug|x64.Build.0 = Debug|x64
		{AF136339-FDA4-484E-AC14-89A617072082}.Debug|x86.ActiveCfg = Debug|Win32
		{AF136339-FDA4-484E-AC14-89A617072082}.Debug|x86.Build.0 = Debug|Win32
		{AF136339-FDA4-484E-AC14-89A617072082}.Release|x64.ActiveCfg = Release|x64
		{AF136339-FDA4-484E-AC14-89A617072082}.Release|x64.Build.0 = Release|x64
		{AF136339-FDA4-484E-AC14-89A617072082}.Release|x86.ActiveCfg = Release|Win32
		{AF136339-FDA4-484E-AC14-89A617072082}.Release|x86.Build.0 = Release|Win32
		{E5A2AB63-9BF0-4D57-AA45-A561F2FAC8F1}.Debug|x64.ActiveCfg = Debug|x64
		{E5A2AB63-9BF0-4D57-AA45-A561F2FAC8F1}.Debug|x64.Build.0 = Debug|x64
		{E5A2AB63-9BF0-4D57-AA45-A561F2FAC8F1}.Debug|x86.ActiveCfg = Debug|Win32
		{E5A2AB63-9BF0-4D57-AA45-A561F2FAC8F1}.Debug|x86.Build.0 = Debug|Win32
		{E5A2AB63-9BF0-4D57-AA45-A561F2FAC8F1}.Release|x64.ActiveCfg = Release|x64
		{E5A2AB63-9BF0-4D57-AA45-A561F2FAC8F1}.Release|x64.Build.0 = Release|x64
		{E5A2AB63-9BF0-4D57-AA45-A561F2FAC8F1}.Release|x86.ActiveCfg = Release|Win32
		{E5A2AB63-9BF0-4D57-AA45-A561F2FAC8F1}.Release|x86.Build.0 = Release|Win32
		{B0893655-8E1E-4FD3-BC96-5D2ACEA03F03}.Debug|x64.ActiveCfg = Debug|x64
		{B0893655-8E1E-4FD3-BC96-5D2ACEA03F03}.Debug|x64.Build.0 = Debug|x64
		{B0893655-8E1E-4FD3-BC96-5D2ACEA03F03}.Debug|x86.ActiveCfg = Debug|Win32
		{B0893655-8E1E-4FD3-BC96-5D2ACEA03F03}.Debug|x86.Build.0 = Debug|Win32
		{B0893655-8E1E-4FD3-BC96-5D2ACEA03F03}.Release|x64.ActiveCfg = Release|x64
		{B0893655-8E1E-4FD3-BC96-5D2ACEA03F03}.Release|x64.Build.0 = Release|x64
		{B0893655-8E1E-4FD3-BC96-5D2ACEA03F03}.Release|x86.ActiveCfg = Release|Win32
		{B0893655-8E1E-4FD3-BC96-5D2ACEA03F03}.Release|x86.Build.0 = Release|Win32
		{7B1F63BC-6F95-4113-A33E-37CF237AD3E9}.Debug|x64.ActiveCfg = Debug|x64
		{7B1F63BC-6F95-4113-A33E-37CF237AD3E9}.Debug|x64.Build.0 = Debug|x64
		{7B1F63BC-6F95-4113-A33E-37CF237AD3E9}.Debug|x86.ActiveCfg = Debug|Win32
		{7B1F63BC-6F95-4113-A33E-37CF237AD3E9}.Debug|x86.Build.0 = Debug|Win32
		{7B1F63BC-6F95-4113-A33E-37CF237AD3E9}.Release|x64.ActiveCfg = Release|x64
		{7B1F63BC-6F95-4113-A33E-37CF237AD3E9}.Release|x64.Build.0 = Release|x64
		{7B1F63BC-6F95-4113-A33E-37CF237AD3E9}.Release|x86.ActiveCfg = Release|Win32
		{7B1F63BC-6F95-4113-A33E-37CF237AD3E9}.Release|x86.Build.0 = Release|Win32
		{D8D06FC5-7AEB-4DB1-B61A-864139F67253}.Debug|x64.ActiveCfg = Debug|x64
		{D8D06FC5-7AEB-4DB1-B61A-864139F67253}.Debug|x64.Build.0 = Debug|x64
		{D8D06FC5-7AEB-4DB1-B61A-864139F67253}.Debug|x86.ActiveCfg = Debug|Win32
		{D8D06FC5-7AEB-4DB1-B61A-864139F67253}.Debug|x86.Build.0 = Debug|Win32
		{D8D06FC5-7AEB-4DB1-B61A-864139F67253}.Release|x64.ActiveCfg = Release|x64
		{D8D06FC5-7AEB-4DB1-B61A-864139F67253}.Release|x64.Build.0 = Release|x64
		{D8D06FC5-7AEB-4DB1-B61A-864139F67253}.Release|x86.ActiveCfg = Release|Win32
		{D8D06FC5-7AEB-4DB1-B61A-864139F67253}.Release|x86.Build.0 = Release|Win32
		{B5F20F1A-AE50-4CF5-B2F8-8F50F99973D7}.Debug|x64.ActiveCfg = Debug|x64
		{B5F20F1A-AE50-4CF5-B2F8-8F50F99973D7}.Debug|x64.Build.0 = Debug|x64
		{B5F20F1A-AE50-4CF5-B2F8-8F50F99973D7}.Debug|x86.ActiveCfg = Debug|Win32
		{B5F20F1A-AE50-4CF5-B2F8-8F50F99973D7}.Debug|x86.Build.0 = Debug|Win32
		{B5F20F1A-AE50-4CF5-B2F8-8F50F99973D7}.Release|x64.ActiveCfg = Release|x64
		{B5F20F1A-AE50-4CF5-B2F8-8F50F99973D7}.Release|x64.Build.0 = Release|x64
		{B5F20F1A-AE50-4CF5-B2F8-8F50F99973D7}.Release|x86.ActiveCfg = Release|Win32
		{B5F20F1A-AE50-4CF5-B2F8-8F50F99973D7}.Release|x86.Build.0 = Release|Win32
	EndGlobalSection
	GlobalSection(SolutionProperties) = preSolution
		HideSolutionNode = FALSE
	EndGlobalSection
	GlobalSection(ExtensibilityGlobals) = postSolution
		SolutionGuid = {0C7E5DCE-10E5-48F4-BB74-2B13440A5E46}
	EndGlobalSection
EndGlobal
