
Microsoft Visual Studio Solution File, Format Version 12.00
# Visual Studio Version 17
VisualStudioVersion = 17.0.31912.275
MinimumVisualStudioVersion = 10.0.40219.1
Project("{8BC9CEB8-8B4A-11D0-8D11-00A0C91BC942}") = "Cpp1_3", "Cpp1_3\Cpp1_3.vcxproj", "{80564F45-981E-4458-9617-5CFA41D71755}"
EndProject
Project("{8BC9CEB8-8B4A-11D0-8D11-00A0C91BC942}") = "Cpp1_4", "Cpp1_4\Cpp1_4.vcxproj", "{1E7303EC-54F5-4E3A-9263-F7F169650DEC}"
EndProject
Project("{8BC9CEB8-8B4A-11D0-8D11-00A0C91BC942}") = "Cpp1_5", "Cpp1_5\Cpp1_5.vcxproj", "{BC19932A-C2A1-4158-9950-D690CB3EAD68}"
EndProject
Project("{8BC9CEB8-8B4A-11D0-8D11-00A0C91BC942}") = "Cpp1_6", "Cpp1_6\Cpp1_6.vcxproj", "{E67225F3-9B2A-4F56-BC62-006268B16103}"
EndProject
Project("{8BC9CEB8-8B4A-11D0-8D11-00A0C91BC942}") = "Scanf", "Scanf\Scanf.vcxproj", "{AF136339-FDA4-484E-AC14-89A617072082}"
EndProject
Project("{8BC9CEB8-8B4A-11D0-8D11-00A0C91BC942}") = "Cout", "Cout\Cout.vcxproj", "{E5A2AB63-9BF0-4D57-AA45-A561F2FAC8F1}"
EndProject
Project("{8BC9CEB8-8B4A-11D0-8D11-00A0C91BC942}") = "Cin", "Cin\Cin.vcxproj", "{B0893655-8E1E-4FD3-BC96-5D2ACEA03F03}"
EndProject
Project("{8BC9CEB8-8B4A-11D0-8D11-00A0C91BC942}") = "arithmeticoperator", "arithmeticoperator\arithmeticoperator.vcxproj", "{7B1F63BC-6F95-4113-A33E-37CF237AD3E9}"
EndProject
Project("{8BC9CEB8-8B4A-11D0-8D11-00A0C91BC942}") = "comparison_operator", "comparison_operator\comparison_operator.vcxproj", "{D8D06FC5-7AEB-4DB1-B61A-864139F67253}"
EndProject
Project("{8BC9CEB8-8B4A-11D0-8D11-00A0C91BC942}") = "logical_operator", "logical_operator\logical_operator.vcxproj", "{B5F20F1A-AE50-4CF5-B2F8-8F50F99973D7}"
EndProject
Project("{8BC9CEB8-8B4A-11D0-8D11-00A0C91BC942}") = "Bit_Operatior", "Bit_Operatior\Bit_Operatior.vcxproj", "{1AD670D2-8728-4752-8412-96AB9211BC34}"
EndProject
Project("{8BC9CEB8-8B4A-11D0-8D11-00A0C91BC942}") = "EctOprator", "EctOprator\EctOprator.vcxproj", "{B71CC54A-F710-43D2-9E4B-31BB2F06F507}"
EndProject
Project("{8BC9CEB8-8B4A-11D0-8D11-00A0C91BC942}") = "IF", "IF\IF.vcxproj", "{0DF41CF6-BDA4-4A7B-8866-003A5903B305}"
EndProject
Project("{8BC9CEB8-8B4A-11D0-8D11-00A0C91BC942}") = "Switch", "Switch\Switch.vcxproj", "{545EEDF1-80A2-4223-ABCD-087C59E47DDD}"
EndProject
Project("{8BC9CEB8-8B4A-11D0-8D11-00A0C91BC942}") = "For", "For\For.vcxproj", "{F4A06D45-B950-48B7-AE78-F6E825045A8B}"
EndProject
Project("{8BC9CEB8-8B4A-11D0-8D11-00A0C91BC942}") = "Array", "Array\Array.vcxproj", "{216DD5C6-DDFF-4EC9-906D-60A525A8E04A}"
EndProject
Project("{8BC9CEB8-8B4A-11D0-8D11-00A0C91BC942}") = "MultiArray", "MultiArray\MultiArray.vcxproj", "{75B8B597-C468-4831-A9D0-143260BA24DE}"
EndProject
Project("{8BC9CEB8-8B4A-11D0-8D11-00A0C91BC942}") = "String", "String\String.vcxproj", "{50F4CF13-EAA4-4CC2-91F6-50C553F8BC96}"
EndProject
Project("{8BC9CEB8-8B4A-11D0-8D11-00A0C91BC942}") = "StdArray", "StdArray\StdArray.vcxproj", "{B62DBA91-D7A5-459D-B470-EF7556AFEFE2}"
EndProject
Project("{8BC9CEB8-8B4A-11D0-8D11-00A0C91BC942}") = "211227_Study_1", "211227_Study_1\211227_Study_1.vcxproj", "{8395D0C3-0C5A-4244-9BD1-E51F71DD8DDD}"
EndProject
Project("{8BC9CEB8-8B4A-11D0-8D11-00A0C91BC942}") = "211227_Study_2", "211227_Study_2\211227_Study_2.vcxproj", "{9E84573B-FDD6-4765-B311-8316993F02FD}"
EndProject
Global
	GlobalSection(SolutionConfigurationPlatforms) = preSolution
		Debug|x64 = Debug|x64
		Debug|x86 = Debug|x86
		Release|x64 = Release|x64
		Release|x86 = Release|x86
	EndGlobalSection
	GlobalSection(ProjectConfigurationPlatforms) = postSolution
		{80564F45-981E-4458-9617-5CFA41D71755}.Debug|x64.ActiveCfg = Debug|x64
		{80564F45-981E-4458-9617-5CFA41D71755}.Debug|x64.Build.0 = Debug|x64
		{80564F45-981E-4458-9617-5CFA41D71755}.Debug|x86.ActiveCfg = Debug|Win32
		{80564F45-981E-4458-9617-5CFA41D71755}.Debug|x86.Build.0 = Debug|Win32
		{80564F45-981E-4458-9617-5CFA41D71755}.Release|x64.ActiveCfg = Release|x64
		{80564F45-981E-4458-9617-5CFA41D71755}.Release|x64.Build.0 = Release|x64
		{80564F45-981E-4458-9617-5CFA41D71755}.Release|x86.ActiveCfg = Release|Win32
		{80564F45-981E-4458-9617-5CFA41D71755}.Release|x86.Build.0 = Release|Win32
		{1E7303EC-54F5-4E3A-9263-F7F169650DEC}.Debug|x64.ActiveCfg = Debug|x64
		{1E7303EC-54F5-4E3A-9263-F7F169650DEC}.Debug|x64.Build.0 = Debug|x64
		{1E7303EC-54F5-4E3A-9263-F7F169650DEC}.Debug|x86.ActiveCfg = Debug|Win32
		{1E7303EC-54F5-4E3A-9263-F7F169650DEC}.Debug|x86.Build.0 = Debug|Win32
		{1E7303EC-54F5-4E3A-9263-F7F169650DEC}.Release|x64.ActiveCfg = Release|x64
		{1E7303EC-54F5-4E3A-9263-F7F169650DEC}.Release|x64.Build.0 = Release|x64
		{1E7303EC-54F5-4E3A-9263-F7F169650DEC}.Release|x86.ActiveCfg = Release|Win32
		{1E7303EC-54F5-4E3A-9263-F7F169650DEC}.Release|x86.Build.0 = Release|Win32
		{BC19932A-C2A1-4158-9950-D690CB3EAD68}.Debug|x64.ActiveCfg = Debug|x64
		{BC19932A-C2A1-4158-9950-D690CB3EAD68}.Debug|x64.Build.0 = Debug|x64
		{BC19932A-C2A1-4158-9950-D690CB3EAD68}.Debug|x86.ActiveCfg = Debug|Win32
		{BC19932A-C2A1-4158-9950-D690CB3EAD68}.Debug|x86.Build.0 = Debug|Win32
		{BC19932A-C2A1-4158-9950-D690CB3EAD68}.Release|x64.ActiveCfg = Release|x64
		{BC19932A-C2A1-4158-9950-D690CB3EAD68}.Release|x64.Build.0 = Release|x64
		{BC19932A-C2A1-4158-9950-D690CB3EAD68}.Release|x86.ActiveCfg = Release|Win32
		{BC19932A-C2A1-4158-9950-D690CB3EAD68}.Release|x86.Build.0 = Release|Win32
		{E67225F3-9B2A-4F56-BC62-006268B16103}.Debug|x64.ActiveCfg = Debug|x64
		{E67225F3-9B2A-4F56-BC62-006268B16103}.Debug|x64.Build.0 = Debug|x64
		{E67225F3-9B2A-4F56-BC62-006268B16103}.Debug|x86.ActiveCfg = Debug|Win32
		{E67225F3-9B2A-4F56-BC62-006268B16103}.Debug|x86.Build.0 = Debug|Win32
		{E67225F3-9B2A-4F56-BC62-006268B16103}.Release|x64.ActiveCfg = Release|x64
		{E67225F3-9B2A-4F56-BC62-006268B16103}.Release|x64.Build.0 = Release|x64
		{E67225F3-9B2A-4F56-BC62-006268B16103}.Release|x86.ActiveCfg = Release|Win32
		{E67225F3-9B2A-4F56-BC62-006268B16103}.Release|x86.Build.0 = Release|Win32
		{AF136339-FDA4-484E-AC14-89A617072082}.Debug|x64.ActiveCfg = Debug|x64
		{AF136339-FDA4-484E-AC14-89A617072082}.Debug|x64.Build.0 = Debug|x64
		{AF136339-FDA4-484E-AC14-89A617072082}.Debug|x86.ActiveCfg = Debug|Win32
		{AF136339-FDA4-484E-AC14-89A617072082}.Debug|x86.Build.0 = Debug|Win32
		{AF136339-FDA4-484E-AC14-89A617072082}.Release|x64.ActiveCfg = Release|x64
		{AF136339-FDA4-484E-AC14-89A617072082}.Release|x64.Build.0 = Release|x64
		{AF136339-FDA4-484E-AC14-89A617072082}.Release|x86.ActiveCfg = Release|Win32
		{AF136339-FDA4-484E-AC14-89A617072082}.Release|x86.Build.0 = Release|Win32
		{E5A2AB63-9BF0-4D57-AA45-A561F2FAC8F1}.Debug|x64.ActiveCfg = Debug|x64
		{E5A2AB63-9BF0-4D57-AA45-A561F2FAC8F1}.Debug|x64.Build.0 = Debug|x64
		{E5A2AB63-9BF0-4D57-AA45-A561F2FAC8F1}.Debug|x86.ActiveCfg = Debug|Win32
		{E5A2AB63-9BF0-4D57-AA45-A561F2FAC8F1}.Debug|x86.Build.0 = Debug|Win32
		{E5A2AB63-9BF0-4D57-AA45-A561F2FAC8F1}.Release|x64.ActiveCfg = Release|x64
		{E5A2AB63-9BF0-4D57-AA45-A561F2FAC8F1}.Release|x64.Build.0 = Release|x64
		{E5A2AB63-9BF0-4D57-AA45-A561F2FAC8F1}.Release|x86.ActiveCfg = Release|Win32
		{E5A2AB63-9BF0-4D57-AA45-A561F2FAC8F1}.Release|x86.Build.0 = Release|Win32
		{B0893655-8E1E-4FD3-BC96-5D2ACEA03F03}.Debug|x64.ActiveCfg = Debug|x64
		{B0893655-8E1E-4FD3-BC96-5D2ACEA03F03}.Debug|x64.Build.0 = Debug|x64
		{B0893655-8E1E-4FD3-BC96-5D2ACEA03F03}.Debug|x86.ActiveCfg = Debug|Win32
		{B0893655-8E1E-4FD3-BC96-5D2ACEA03F03}.Debug|x86.Build.0 = Debug|Win32
		{B0893655-8E1E-4FD3-BC96-5D2ACEA03F03}.Release|x64.ActiveCfg = Release|x64
		{B0893655-8E1E-4FD3-BC96-5D2ACEA03F03}.Release|x64.Build.0 = Release|x64
		{B0893655-8E1E-4FD3-BC96-5D2ACEA03F03}.Release|x86.ActiveCfg = Release|Win32
		{B0893655-8E1E-4FD3-BC96-5D2ACEA03F03}.Release|x86.Build.0 = Release|Win32
		{7B1F63BC-6F95-4113-A33E-37CF237AD3E9}.Debug|x64.ActiveCfg = Debug|x64
		{7B1F63BC-6F95-4113-A33E-37CF237AD3E9}.Debug|x64.Build.0 = Debug|x64
		{7B1F63BC-6F95-4113-A33E-37CF237AD3E9}.Debug|x86.ActiveCfg = Debug|Win32
		{7B1F63BC-6F95-4113-A33E-37CF237AD3E9}.Debug|x86.Build.0 = Debug|Win32
		{7B1F63BC-6F95-4113-A33E-37CF237AD3E9}.Release|x64.ActiveCfg = Release|x64
		{7B1F63BC-6F95-4113-A33E-37CF237AD3E9}.Release|x64.Build.0 = Release|x64
		{7B1F63BC-6F95-4113-A33E-37CF237AD3E9}.Release|x86.ActiveCfg = Release|Win32
		{7B1F63BC-6F95-4113-A33E-37CF237AD3E9}.Release|x86.Build.0 = Release|Win32
		{D8D06FC5-7AEB-4DB1-B61A-864139F67253}.Debug|x64.ActiveCfg = Debug|x64
		{D8D06FC5-7AEB-4DB1-B61A-864139F67253}.Debug|x64.Build.0 = Debug|x64
		{D8D06FC5-7AEB-4DB1-B61A-864139F67253}.Debug|x86.ActiveCfg = Debug|Win32
		{D8D06FC5-7AEB-4DB1-B61A-864139F67253}.Debug|x86.Build.0 = Debug|Win32
		{D8D06FC5-7AEB-4DB1-B61A-864139F67253}.Release|x64.ActiveCfg = Release|x64
		{D8D06FC5-7AEB-4DB1-B61A-864139F67253}.Release|x64.Build.0 = Release|x64
		{D8D06FC5-7AEB-4DB1-B61A-864139F67253}.Release|x86.ActiveCfg = Release|Win32
		{D8D06FC5-7AEB-4DB1-B61A-864139F67253}.Release|x86.Build.0 = Release|Win32
		{B5F20F1A-AE50-4CF5-B2F8-8F50F99973D7}.Debug|x64.ActiveCfg = Debug|x64
		{B5F20F1A-AE50-4CF5-B2F8-8F50F99973D7}.Debug|x64.Build.0 = Debug|x64
		{B5F20F1A-AE50-4CF5-B2F8-8F50F99973D7}.Debug|x86.ActiveCfg = Debug|Win32
		{B5F20F1A-AE50-4CF5-B2F8-8F50F99973D7}.Debug|x86.Build.0 = Debug|Win32
		{B5F20F1A-AE50-4CF5-B2F8-8F50F99973D7}.Release|x64.ActiveCfg = Release|x64
		{B5F20F1A-AE50-4CF5-B2F8-8F50F99973D7}.Release|x64.Build.0 = Release|x64
		{B5F20F1A-AE50-4CF5-B2F8-8F50F99973D7}.Release|x86.ActiveCfg = Release|Win32
		{B5F20F1A-AE50-4CF5-B2F8-8F50F99973D7}.Release|x86.Build.0 = Release|Win32
		{1AD670D2-8728-4752-8412-96AB9211BC34}.Debug|x64.ActiveCfg = Debug|x64
		{1AD670D2-8728-4752-8412-96AB9211BC34}.Debug|x64.Build.0 = Debug|x64
		{1AD670D2-8728-4752-8412-96AB9211BC34}.Debug|x86.ActiveCfg = Debug|Win32
		{1AD670D2-8728-4752-8412-96AB9211BC34}.Debug|x86.Build.0 = Debug|Win32
		{1AD670D2-8728-4752-8412-96AB9211BC34}.Release|x64.ActiveCfg = Release|x64
		{1AD670D2-8728-4752-8412-96AB9211BC34}.Release|x64.Build.0 = Release|x64
		{1AD670D2-8728-4752-8412-96AB9211BC34}.Release|x86.ActiveCfg = Release|Win32
		{1AD670D2-8728-4752-8412-96AB9211BC34}.Release|x86.Build.0 = Release|Win32
		{B71CC54A-F710-43D2-9E4B-31BB2F06F507}.Debug|x64.ActiveCfg = Debug|x64
		{B71CC54A-F710-43D2-9E4B-31BB2F06F507}.Debug|x64.Build.0 = Debug|x64
		{B71CC54A-F710-43D2-9E4B-31BB2F06F507}.Debug|x86.ActiveCfg = Debug|Win32
		{B71CC54A-F710-43D2-9E4B-31BB2F06F507}.Debug|x86.Build.0 = Debug|Win32
		{B71CC54A-F710-43D2-9E4B-31BB2F06F507}.Release|x64.ActiveCfg = Release|x64
		{B71CC54A-F710-43D2-9E4B-31BB2F06F507}.Release|x64.Build.0 = Release|x64
		{B71CC54A-F710-43D2-9E4B-31BB2F06F507}.Release|x86.ActiveCfg = Release|Win32
		{B71CC54A-F710-43D2-9E4B-31BB2F06F507}.Release|x86.Build.0 = Release|Win32
		{0DF41CF6-BDA4-4A7B-8866-003A5903B305}.Debug|x64.ActiveCfg = Debug|x64
		{0DF41CF6-BDA4-4A7B-8866-003A5903B305}.Debug|x64.Build.0 = Debug|x64
		{0DF41CF6-BDA4-4A7B-8866-003A5903B305}.Debug|x86.ActiveCfg = Debug|Win32
		{0DF41CF6-BDA4-4A7B-8866-003A5903B305}.Debug|x86.Build.0 = Debug|Win32
		{0DF41CF6-BDA4-4A7B-8866-003A5903B305}.Release|x64.ActiveCfg = Release|x64
		{0DF41CF6-BDA4-4A7B-8866-003A5903B305}.Release|x64.Build.0 = Release|x64
		{0DF41CF6-BDA4-4A7B-8866-003A5903B305}.Release|x86.ActiveCfg = Release|Win32
		{0DF41CF6-BDA4-4A7B-8866-003A5903B305}.Release|x86.Build.0 = Release|Win32
		{545EEDF1-80A2-4223-ABCD-087C59E47DDD}.Debug|x64.ActiveCfg = Debug|x64
		{545EEDF1-80A2-4223-ABCD-087C59E47DDD}.Debug|x64.Build.0 = Debug|x64
		{545EEDF1-80A2-4223-ABCD-087C59E47DDD}.Debug|x86.ActiveCfg = Debug|Win32
		{545EEDF1-80A2-4223-ABCD-087C59E47DDD}.Debug|x86.Build.0 = Debug|Win32
		{545EEDF1-80A2-4223-ABCD-087C59E47DDD}.Release|x64.ActiveCfg = Release|x64
		{545EEDF1-80A2-4223-ABCD-087C59E47DDD}.Release|x64.Build.0 = Release|x64
		{545EEDF1-80A2-4223-ABCD-087C59E47DDD}.Release|x86.ActiveCfg = Release|Win32
		{545EEDF1-80A2-4223-ABCD-087C59E47DDD}.Release|x86.Build.0 = Release|Win32
		{F4A06D45-B950-48B7-AE78-F6E825045A8B}.Debug|x64.ActiveCfg = Debug|x64
		{F4A06D45-B950-48B7-AE78-F6E825045A8B}.Debug|x64.Build.0 = Debug|x64
		{F4A06D45-B950-48B7-AE78-F6E825045A8B}.Debug|x86.ActiveCfg = Debug|Win32
		{F4A06D45-B950-48B7-AE78-F6E825045A8B}.Debug|x86.Build.0 = Debug|Win32
		{F4A06D45-B950-48B7-AE78-F6E825045A8B}.Release|x64.ActiveCfg = Release|x64
		{F4A06D45-B950-48B7-AE78-F6E825045A8B}.Release|x64.Build.0 = Release|x64
		{F4A06D45-B950-48B7-AE78-F6E825045A8B}.Release|x86.ActiveCfg = Release|Win32
		{F4A06D45-B950-48B7-AE78-F6E825045A8B}.Release|x86.Build.0 = Release|Win32
		{216DD5C6-DDFF-4EC9-906D-60A525A8E04A}.Debug|x64.ActiveCfg = Debug|x64
		{216DD5C6-DDFF-4EC9-906D-60A525A8E04A}.Debug|x64.Build.0 = Debug|x64
		{216DD5C6-DDFF-4EC9-906D-60A525A8E04A}.Debug|x86.ActiveCfg = Debug|Win32
		{216DD5C6-DDFF-4EC9-906D-60A525A8E04A}.Debug|x86.Build.0 = Debug|Win32
		{216DD5C6-DDFF-4EC9-906D-60A525A8E04A}.Release|x64.ActiveCfg = Release|x64
		{216DD5C6-DDFF-4EC9-906D-60A525A8E04A}.Release|x64.Build.0 = Release|x64
		{216DD5C6-DDFF-4EC9-906D-60A525A8E04A}.Release|x86.ActiveCfg = Release|Win32
		{216DD5C6-DDFF-4EC9-906D-60A525A8E04A}.Release|x86.Build.0 = Release|Win32
		{75B8B597-C468-4831-A9D0-143260BA24DE}.Debug|x64.ActiveCfg = Debug|x64
		{75B8B597-C468-4831-A9D0-143260BA24DE}.Debug|x64.Build.0 = Debug|x64
		{75B8B597-C468-4831-A9D0-143260BA24DE}.Debug|x86.ActiveCfg = Debug|Win32
		{75B8B597-C468-4831-A9D0-143260BA24DE}.Debug|x86.Build.0 = Debug|Win32
		{75B8B597-C468-4831-A9D0-143260BA24DE}.Release|x64.ActiveCfg = Release|x64
		{75B8B597-C468-4831-A9D0-143260BA24DE}.Release|x64.Build.0 = Release|x64
		{75B8B597-C468-4831-A9D0-143260BA24DE}.Release|x86.ActiveCfg = Release|Win32
		{75B8B597-C468-4831-A9D0-143260BA24DE}.Release|x86.Build.0 = Release|Win32
		{50F4CF13-EAA4-4CC2-91F6-50C553F8BC96}.Debug|x64.ActiveCfg = Debug|x64
		{50F4CF13-EAA4-4CC2-91F6-50C553F8BC96}.Debug|x64.Build.0 = Debug|x64
		{50F4CF13-EAA4-4CC2-91F6-50C553F8BC96}.Debug|x86.ActiveCfg = Debug|Win32
		{50F4CF13-EAA4-4CC2-91F6-50C553F8BC96}.Debug|x86.Build.0 = Debug|Win32
		{50F4CF13-EAA4-4CC2-91F6-50C553F8BC96}.Release|x64.ActiveCfg = Release|x64
		{50F4CF13-EAA4-4CC2-91F6-50C553F8BC96}.Release|x64.Build.0 = Release|x64
		{50F4CF13-EAA4-4CC2-91F6-50C553F8BC96}.Release|x86.ActiveCfg = Release|Win32
		{50F4CF13-EAA4-4CC2-91F6-50C553F8BC96}.Release|x86.Build.0 = Release|Win32
		{B62DBA91-D7A5-459D-B470-EF7556AFEFE2}.Debug|x64.ActiveCfg = Debug|x64
		{B62DBA91-D7A5-459D-B470-EF7556AFEFE2}.Debug|x64.Build.0 = Debug|x64
		{B62DBA91-D7A5-459D-B470-EF7556AFEFE2}.Debug|x86.ActiveCfg = Debug|Win32
		{B62DBA91-D7A5-459D-B470-EF7556AFEFE2}.Debug|x86.Build.0 = Debug|Win32
		{B62DBA91-D7A5-459D-B470-EF7556AFEFE2}.Release|x64.ActiveCfg = Release|x64
		{B62DBA91-D7A5-459D-B470-EF7556AFEFE2}.Release|x64.Build.0 = Release|x64
		{B62DBA91-D7A5-459D-B470-EF7556AFEFE2}.Release|x86.ActiveCfg = Release|Win32
		{B62DBA91-D7A5-459D-B470-EF7556AFEFE2}.Release|x86.Build.0 = Release|Win32
		{8395D0C3-0C5A-4244-9BD1-E51F71DD8DDD}.Debug|x64.ActiveCfg = Debug|x64
		{8395D0C3-0C5A-4244-9BD1-E51F71DD8DDD}.Debug|x64.Build.0 = Debug|x64
		{8395D0C3-0C5A-4244-9BD1-E51F71DD8DDD}.Debug|x86.ActiveCfg = Debug|Win32
		{8395D0C3-0C5A-4244-9BD1-E51F71DD8DDD}.Debug|x86.Build.0 = Debug|Win32
		{8395D0C3-0C5A-4244-9BD1-E51F71DD8DDD}.Release|x64.ActiveCfg = Release|x64
		{8395D0C3-0C5A-4244-9BD1-E51F71DD8DDD}.Release|x64.Build.0 = Release|x64
		{8395D0C3-0C5A-4244-9BD1-E51F71DD8DDD}.Release|x86.ActiveCfg = Release|Win32
		{8395D0C3-0C5A-4244-9BD1-E51F71DD8DDD}.Release|x86.Build.0 = Release|Win32
		{9E84573B-FDD6-4765-B311-8316993F02FD}.Debug|x64.ActiveCfg = Debug|x64
		{9E84573B-FDD6-4765-B311-8316993F02FD}.Debug|x64.Build.0 = Debug|x64
		{9E84573B-FDD6-4765-B311-8316993F02FD}.Debug|x86.ActiveCfg = Debug|Win32
		{9E84573B-FDD6-4765-B311-8316993F02FD}.Debug|x86.Build.0 = Debug|Win32
		{9E84573B-FDD6-4765-B311-8316993F02FD}.Release|x64.ActiveCfg = Release|x64
		{9E84573B-FDD6-4765-B311-8316993F02FD}.Release|x64.Build.0 = Release|x64
		{9E84573B-FDD6-4765-B311-8316993F02FD}.Release|x86.ActiveCfg = Release|Win32
		{9E84573B-FDD6-4765-B311-8316993F02FD}.Release|x86.Build.0 = Release|Win32
	EndGlobalSection
	GlobalSection(SolutionProperties) = preSolution
		HideSolutionNode = FALSE
	EndGlobalSection
	GlobalSection(ExtensibilityGlobals) = postSolution
		SolutionGuid = {0C7E5DCE-10E5-48F4-BB74-2B13440A5E46}
	EndGlobalSection
EndGlobal
